
Microsoft Visual Studio Solution File, Format Version 12.00
# Visual Studio Version 17
VisualStudioVersion = 17.0.31903.59
MinimumVisualStudioVersion = 10.0.40219.1
Project("{2150E333-8FDC-42A3-9474-1A3956D46DE8}") = "src", "src", "{B4C4DDCB-BF9F-44B4-A892-547F8F4B6118}"
EndProject
Project("{FAE04EC0-301F-11D3-BF4B-00C04F79EFBC}") = "WeatherDashboard", "src\WeatherDashboard\WeatherDashboard.csproj", "{7374B17E-B893-4FB1-9FF2-6E78D32D3259}"
EndProject
Project("{2150E333-8FDC-42A3-9474-1A3956D46DE8}") = "tests", "tests", "{CA64AA26-487E-4F5A-9B12-29D8626E46C0}"
EndProject
Project("{FAE04EC0-301F-11D3-BF4B-00C04F79EFBC}") = "WeatherDashboard.Tests", "tests\WeatherDashboard.Tests\WeatherDashboard.Tests.csproj", "{78B90E60-D6AE-4C12-9578-4506627CD710}"
EndProject
Global
	GlobalSection(SolutionConfigurationPlatforms) = preSolution
		Debug|Any CPU = Debug|Any CPU
		Release|Any CPU = Release|Any CPU
	EndGlobalSection
	GlobalSection(SolutionProperties) = preSolution
		HideSolutionNode = FALSE
	EndGlobalSection
	GlobalSection(ProjectConfigurationPlatforms) = postSolution
		{7374B17E-B893-4FB1-9FF2-6E78D32D3259}.Debug|Any CPU.ActiveCfg = Debug|Any CPU
		{7374B17E-B893-4FB1-9FF2-6E78D32D3259}.Debug|Any CPU.Build.0 = Debug|Any CPU
		{7374B17E-B893-4FB1-9FF2-6E78D32D3259}.Release|Any CPU.ActiveCfg = Release|Any CPU
		{7374B17E-B893-4FB1-9FF2-6E78D32D3259}.Release|Any CPU.Build.0 = Release|Any CPU
		{78B90E60-D6AE-4C12-9578-4506627CD710}.Debug|Any CPU.ActiveCfg = Debug|Any CPU
		{78B90E60-D6AE-4C12-9578-4506627CD710}.Debug|Any CPU.Build.0 = Debug|Any CPU
		{78B90E60-D6AE-4C12-9578-4506627CD710}.Release|Any CPU.ActiveCfg = Release|Any CPU
		{78B90E60-D6AE-4C12-9578-4506627CD710}.Release|Any CPU.Build.0 = Release|Any CPU
	EndGlobalSection
	GlobalSection(NestedProjects) = preSolution
		{7374B17E-B893-4FB1-9FF2-6E78D32D3259} = {B4C4DDCB-BF9F-44B4-A892-547F8F4B6118}
		{78B90E60-D6AE-4C12-9578-4506627CD710} = {CA64AA26-487E-4F5A-9B12-29D8626E46C0}
	EndGlobalSection
EndGlobal
